--- 
hash: 9b432f7f2f276a0afaad370324f2c69e76e60219
sources: 
- Git: 
    git: git://github.com/thoughtbot/factory_girl.git
    branch: rails3
    uri: git://github.com/thoughtbot/factory_girl.git
    ref: feac7298352a83fef0717d8beadd2eda9aabfe56
- Git: 
    git: git://github.com/curtis/honeypot-captcha.git
    uri: git://github.com/curtis/honeypot-captcha.git
    ref: 067e25f73c888cf38a929109f84a08427e172d0c
- Git: 
    git: git://github.com/jpsilvashy/loofah.git
    name: loofah
    version: 0.4.7
    uri: git://github.com/jpsilvashy/loofah.git
    ref: 293987b172378a0f97943527639a2b2808c5b201
- Git: 
    git: git://github.com/pauldix/feedzirra.git
    uri: git://github.com/pauldix/feedzirra.git
    ref: 455e65b6d7cef1e55444a5795e19c36c876a13a9
- Git: 
    git: git://github.com/JasonKing/paperclip.git
    ref: 9c9082814f628a618f625158fc8507ef1578dacc
    uri: git://github.com/JasonKing/paperclip.git
- Git: 
    git: git://github.com/plataformatec/devise.git
    ref: 22e1fa0cb99faeddf5602cd8007547764ee883e5
    uri: git://github.com/plataformatec/devise.git
- Rubygems: 
    uri: http://rubygems.org
specs: 
- rake: 
    version: 0.8.7
- RedCloth: 
    version: 4.2.3
- abstract: 
    version: 1.0.0
- builder: 
    version: 2.1.2
- i18n: 
    version: 0.3.7
- memcache-client: 
    version: 1.8.3
- tzinfo: 
    version: 0.3.20
- activesupport: 
    version: 3.0.0.beta3
- activemodel: 
    version: 3.0.0.beta3
- erubis: 
    version: 2.6.5
- rack: 
    version: 1.1.0
- rack-mount: 
    version: 0.6.3
- rack-test: 
    version: 0.5.3
- actionpack: 
    version: 3.0.0.beta3
- mime-types: 
    version: "1.16"
- polyglot: 
    version: 0.3.1
- treetop: 
    version: 1.4.5
- mail: 
    version: 2.2.0
- text-hyphen: 
    version: 1.0.0
- text-format: 
    version: 1.0.0
- actionmailer: 
    version: 3.0.0.beta3
- arel: 
    version: 0.3.3
- activerecord: 
    version: 3.0.0.beta3
- activeresource: 
    version: 3.0.0.beta3
- xml-simple: 
    version: 1.0.12
- aws-s3: 
    version: 0.6.2
- bluecloth: 
    version: 2.0.7
- bundler: 
    version: 0.9.24
- json_pure: 
    version: 1.4.3
- rubyforge: 
    version: 2.0.4
- hoe: 
    version: 2.6.0
- chronic: 
    version: 0.2.3
- coderay: 
    version: 0.9.3
- curb: 
    version: 0.7.1
- warden: 
    version: 0.10.3
- devise: 
    version: 1.1.pre4
    source: 5
- highline: 
    version: 1.5.2
- json: 
    version: 1.4.3
- rest-client: 
    version: 1.5.0
- termios: 
    version: 0.9.4
- engineyard: 
    version: 0.2.7.pre
- factory_girl: 
    version: 1.2.3
    source: 0
- loofah: 
    version: 0.4.7
    source: 2
- nokogiri: 
    version: 1.4.1
- sax-machine: 
    version: 0.0.15
- feedzirra: 
    version: 0.0.23
    source: 3
- github-markup: 
    version: 0.4.0
- hirb: 
    version: 0.3.1
- honeypot-captcha: 
    version: 0.0.1
    source: 1
- mocha: 
    version: 0.9.8
- mysql: 
    version: 2.8.1
- rubypants: 
    version: 0.2.0
- org-ruby: 
    version: 0.5.3
- paperclip: 
    version: 2.3.1.1
    source: 4
- thor: 
    version: 0.13.4
- railties: 
    version: 3.0.0.beta3
- rails: 
    version: 3.0.0.beta3
- right_http_connection: 
    version: 1.2.4
- right_aws: 
    version: 1.10.0
- rspec-core: 
    version: 2.0.0.beta.8
- rspec-expectations: 
    version: 2.0.0.beta.8
- rspec-mocks: 
    version: 2.0.0.beta.8
- rspec: 
    version: 2.0.0.beta.8
- webrat: 
    version: 0.7.1
- rspec-rails: 
    version: 2.0.0.beta.8
- whenever: 
    version: 0.4.2
dependencies: 
  rails: 
    version: = 3.0.0.beta3
    group: 
    - :default
  mysql: 
    version: ">= 0"
    group: 
    - :default
  bundler: 
    version: ">= 0"
    group: 
    - :default
  engineyard: 
    version: = 0.2.7.pre
    group: 
    - :default
  devise: 
    version: ">= 0"
    group: 
    - :default
  paperclip: 
    version: ">= 0"
    group: 
    - :default
  right_aws: 
    version: ">= 0"
    group: 
    - :default
  aws-s3: 
    version: ">= 0"
    group: 
    - :default
    require: 
    - aws/s3
  feedzirra: 
    version: ">= 0"
    group: 
    - :default
  loofah: 
    version: = 0.4.7
    group: 
    - :default
  bluecloth: 
    version: ">= 0"
    group: 
    - :default
  github-markup: 
    version: ">= 0"
    group: 
    - :default
    require: 
    - github/markup
  org-ruby: 
    version: ">= 0"
    group: 
    - :default
  hirb: 
    version: ">= 0"
    group: 
    - :default
  whenever: 
    version: ">= 0"
    group: 
    - :default
  coderay: 
    version: ">= 0"
    group: 
    - :default
  RedCloth: 
    version: ">= 0"
    group: 
    - :default
    require: 
    - RedCloth
  honeypot-captcha: 
    version: ">= 0"
    group: 
    - :default
  rspec-rails: 
    version: ~> 2.0.0.beta.7
    group: 
    - :test
  factory_girl: 
    version: ">= 0"
    group: 
    - :test
  mocha: 
    version: ">= 0"
    group: 
    - :test
