--- 
dependencies: 
  github-markup: 
    group: 
    - :default
    version: ">= 0"
    require: 
    - github/markup
  feedzirra: 
    group: 
    - :default
    version: ">= 0"
  honeypot-captcha: 
    group: 
    - :default
    version: ">= 0"
  rails: 
    group: 
    - :default
    version: = 3.0.0.beta3
  loofah: 
    group: 
    - :default
    version: = 0.4.7
  mysql: 
    group: 
    - :default
    version: ">= 0"
  bluecloth: 
    group: 
    - :default
    version: ">= 0"
  whenever: 
    group: 
    - :default
    version: ">= 0"
  unicorn: 
    group: 
    - :default
    version: ">= 0"
  rspec-rails: 
    group: 
    - :test
    version: ~> 2.0.0.beta.7
  mocha: 
    group: 
    - :test
    version: ">= 0"
  hirb: 
    group: 
    - :default
    version: ">= 0"
  right_aws: 
    group: 
    - :default
    version: = 1.10.0
  devise: 
    group: 
    - :default
    version: ">= 0"
  paperclip: 
    group: 
    - :default
    version: ">= 0"
  factory_girl: 
    group: 
    - :test
    version: ">= 0"
  bundler: 
    group: 
    - :default
    version: ">= 0"
  org-ruby: 
    group: 
    - :default
    version: ">= 0"
  engineyard: 
    group: 
    - :default
    version: ">= 0"
  RedCloth: 
    group: 
    - :default
    version: ">= 0"
    require: 
    - RedCloth
  aws-s3: 
    group: 
    - :default
    version: ">= 0"
    require: 
    - aws/s3
  coderay: 
    group: 
    - :default
    version: ">= 0"
  twitter: 
    group: 
    - :default
    version: ">= 0"
specs: 
- rake: 
    version: 0.8.7
- RedCloth: 
    version: 4.2.3
- abstract: 
    version: 1.0.0
- builder: 
    version: 2.1.2
- i18n: 
    version: 0.3.7
- memcache-client: 
    version: 1.8.3
- tzinfo: 
    version: 0.3.22
- activesupport: 
    version: 3.0.0.beta3
- activemodel: 
    version: 3.0.0.beta3
- erubis: 
    version: 2.6.5
- rack: 
    version: 1.1.0
- rack-mount: 
    version: 0.6.6
- rack-test: 
    version: 0.5.4
- actionpack: 
    version: 3.0.0.beta3
- mime-types: 
    version: "1.16"
- polyglot: 
    version: 0.3.1
- treetop: 
    version: 1.4.8
- mail: 
    version: 2.2.5
- text-hyphen: 
    version: 1.0.0
- text-format: 
    version: 1.0.0
- actionmailer: 
    version: 3.0.0.beta3
- arel: 
    version: 0.3.3
- activerecord: 
    version: 3.0.0.beta3
- activeresource: 
    version: 3.0.0.beta3
- xml-simple: 
    version: 1.0.12
- aws-s3: 
    version: 0.6.2
- bluecloth: 
    version: 2.0.7
- bundler: 
    version: 0.9.26
- json_pure: 
    version: 1.4.3
- rubyforge: 
    version: 2.0.4
- hoe: 
    version: 2.6.1
- chronic: 
    version: 0.2.3
- coderay: 
    version: 0.9.3
- crack: 
    version: 0.1.6
- curb: 
    version: 0.7.7.1
- warden: 
    version: 0.10.7
- devise: 
    version: 1.1.pre4
    source: 4
- diff-lcs: 
    version: 1.1.2
- escape: 
    version: 0.0.4
- highline: 
    version: 1.5.2
- json: 
    version: 1.4.3
- rest-client: 
    version: 1.5.1
- termios: 
    version: 0.9.4
- thor: 
    version: 0.13.6
- engineyard: 
    version: 0.5.5
- factory_girl: 
    version: 1.2.3
    source: 0
- loofah: 
    version: 0.4.7
    source: 2
- nokogiri: 
    version: 1.4.2
- sax-machine: 
    version: 0.0.15
- feedzirra: 
    version: 0.0.23
    source: 3
- github-markup: 
    version: 0.4.0
- hashie: 
    version: 0.2.1
- hirb: 
    version: 0.3.2
- honeypot-captcha: 
    version: 0.0.2
    source: 1
- httparty: 
    version: 0.5.2
- mocha: 
    version: 0.9.8
- mysql: 
    version: 2.8.1
- oauth: 
    version: 0.4.1
- rubypants: 
    version: 0.2.0
- org-ruby: 
    version: 0.5.3
- paperclip: 
    version: 2.3.3
- railties: 
    version: 3.0.0.beta3
- rails: 
    version: 3.0.0.beta3
- right_http_connection: 
    version: 1.2.4
- right_aws: 
    version: 1.10.0
- rspec-core: 
    version: 2.0.0.beta.13
- rspec-expectations: 
    version: 2.0.0.beta.13
- rspec-mocks: 
    version: 2.0.0.beta.13
- rspec: 
    version: 2.0.0.beta.13
- webrat: 
    version: 0.7.1
- rspec-rails: 
    version: 2.0.0.beta.13
- yajl-ruby: 
    version: 0.7.6
- twitter: 
    version: 0.9.8
- unicorn: 
    version: 1.0.0
- whenever: 
    version: 0.4.2
hash: c0a04af83fc39672fb5d6d68148b062328eaeea1
sources: 
- Git: 
    uri: git://github.com/thoughtbot/factory_girl.git
    branch: rails3
    git: git://github.com/thoughtbot/factory_girl.git
    ref: feac7298352a83fef0717d8beadd2eda9aabfe56
- Git: 
    uri: git://github.com/curtis/honeypot-captcha.git
    git: git://github.com/curtis/honeypot-captcha.git
    ref: 7e1844438b1d04613b1f95d27e155f7be2bad4c6
- Git: 
    name: loofah
    uri: git://github.com/jpsilvashy/loofah.git
    version: 0.4.7
    git: git://github.com/jpsilvashy/loofah.git
    ref: 293987b172378a0f97943527639a2b2808c5b201
- Git: 
    uri: git://github.com/pauldix/feedzirra.git
    git: git://github.com/pauldix/feedzirra.git
    ref: 455e65b6d7cef1e55444a5795e19c36c876a13a9
- Git: 
    uri: git://github.com/plataformatec/devise.git
    git: git://github.com/plataformatec/devise.git
    ref: 22e1fa0cb99faeddf5602cd8007547764ee883e5
- Rubygems: 
    uri: http://rubygems.org
