--- 
dependencies: 
  feedzirra: 
    group: 
    - :default
    version: ">= 0"
  github-markup: 
    group: 
    - :default
    version: ">= 0"
    require: 
    - github/markup
  honeypot-captcha: 
    group: 
    - :default
    version: ">= 0"
  loofah: 
    group: 
    - :default
    version: = 0.4.7
  rails: 
    group: 
    - :default
    version: ">= 0"
  bluecloth: 
    group: 
    - :default
    version: ">= 0"
  mysql: 
    group: 
    - :default
    version: ">= 0"
  whenever: 
    group: 
    - :default
    version: ">= 0"
  rspec-rails: 
    group: 
    - :test
    version: ~> 2.0.0.beta.7
  mocha: 
    group: 
    - :test
    version: ">= 0"
  paperclip: 
    group: 
    - :default
    version: ">= 0"
  devise: 
    group: 
    - :default
    version: ">= 0"
  right_aws: 
    group: 
    - :default
    version: ">= 0"
  hirb: 
    group: 
    - :default
    version: ">= 0"
  factory_girl: 
    group: 
    - :test
    version: ">= 0"
  org-ruby: 
    group: 
    - :default
    version: ">= 0"
  bundler: 
    group: 
    - :default
    version: ">= 0"
  engineyard: 
    group: 
    - :default
    version: ">= 0"
  RedCloth: 
    group: 
    - :default
    version: ">= 0"
    require: 
    - RedCloth
  aws-s3: 
    group: 
    - :default
    version: ">= 0"
    require: 
    - aws/s3
  coderay: 
    group: 
    - :default
    version: ">= 0"
  twitter: 
    group: 
    - :default
    version: ">= 0"
specs: 
- rake: 
    version: 0.8.7
- RedCloth: 
    version: 4.2.3
- abstract: 
    version: 1.0.0
- builder: 
    version: 2.1.2
- i18n: 
    version: 0.4.0.beta1
- memcache-client: 
    version: 1.8.3
- tzinfo: 
    version: 0.3.20
- activesupport: 
    version: 3.0.0.beta3
    source: 7
- activemodel: 
    version: 3.0.0.beta3
    source: 7
- erubis: 
    version: 2.6.5
- rack: 
    version: 1.1.0
- rack-mount: 
    version: 0.6.3
- rack-test: 
    version: 0.5.3
- actionpack: 
    version: 3.0.0.beta3
    source: 7
- mime-types: 
    version: "1.16"
- polyglot: 
    version: 0.3.1
- treetop: 
    version: 1.4.5
- mail: 
    version: 2.2.1
- text-hyphen: 
    version: 1.0.0
- text-format: 
    version: 1.0.0
- actionmailer: 
    version: 3.0.0.beta3
    source: 7
- arel: 
    version: 0.3.3
- activerecord: 
    version: 3.0.0.beta3
    source: 7
- activeresource: 
    version: 3.0.0.beta3
    source: 7
- xml-simple: 
    version: 1.0.12
- aws-s3: 
    version: 0.6.2
- bluecloth: 
    version: 2.0.7
- bundler: 
    version: 0.9.24
- json_pure: 
    version: 1.4.3
- rubyforge: 
    version: 2.0.4
- hoe: 
    version: 2.6.0
- chronic: 
    version: 0.2.3
- coderay: 
    version: 0.9.3
- crack: 
    version: 0.1.6
- curb: 
    version: 0.7.1
- warden: 
    version: 0.10.4
- devise: 
    version: 1.1.rc1
    source: 6
- highline: 
    version: 1.5.2
- json: 
    version: 1.4.3
- rest-client: 
    version: 1.5.1
- termios: 
    version: 0.9.4
- thor: 
    version: 0.13.6
- engineyard: 
    version: 0.3.0
- factory_girl: 
    version: 1.2.3
    source: 0
- loofah: 
    version: 0.4.7
    source: 3
- nokogiri: 
    version: 1.4.1
- sax-machine: 
    version: 0.0.15
- feedzirra: 
    version: 0.0.23
    source: 4
- github-markup: 
    version: 0.4.0
- hashie: 
    version: 0.2.0
- hirb: 
    version: 0.3.1
- honeypot-captcha: 
    version: 0.0.1
    source: 1
- httparty: 
    version: 0.5.2
- mocha: 
    version: 0.9.8
- mysql: 
    version: 2.8.1
- oauth: 
    version: 0.4.0
- rubypants: 
    version: 0.2.0
- org-ruby: 
    version: 0.5.3
- paperclip: 
    version: 2.3.2
    source: 5
- railties: 
    version: 3.0.0.beta3
    source: 7
- rails: 
    version: 3.0.0.beta3
    source: 7
- right_http_connection: 
    version: 1.2.4
- right_aws: 
    version: 2.0.0
- rspec-core: 
    version: 2.0.0.beta.8
- rspec-expectations: 
    version: 2.0.0.beta.8
- rspec-mocks: 
    version: 2.0.0.beta.8
- rspec: 
    version: 2.0.0.beta.8
- webrat: 
    version: 0.7.1
- rspec-rails: 
    version: 2.0.0.beta.8
- yajl-ruby: 
    version: 0.7.6
- twitter: 
    version: 0.9.5
    source: 2
- whenever: 
    version: 0.4.2
hash: 946736f6a3501fa7ed361a221925da5758c86b92
sources: 
- Git: 
    uri: git://github.com/thoughtbot/factory_girl.git
    branch: rails3
    git: git://github.com/thoughtbot/factory_girl.git
    ref: feac7298352a83fef0717d8beadd2eda9aabfe56
- Git: 
    uri: git://github.com/curtis/honeypot-captcha.git
    git: git://github.com/curtis/honeypot-captcha.git
    ref: 067e25f73c888cf38a929109f84a08427e172d0c
- Git: 
    uri: git://github.com/jnunemaker/twitter.git
    git: git://github.com/jnunemaker/twitter.git
    ref: b87dc2dd47f01231e8ddbb26f6c52eb7a8a06c10
- Git: 
    name: loofah
    uri: git://github.com/jpsilvashy/loofah.git
    version: 0.4.7
    git: git://github.com/jpsilvashy/loofah.git
    ref: 293987b172378a0f97943527639a2b2808c5b201
- Git: 
    uri: git://github.com/pauldix/feedzirra.git
    git: git://github.com/pauldix/feedzirra.git
    ref: 455e65b6d7cef1e55444a5795e19c36c876a13a9
- Git: 
    uri: git://github.com/thoughtbot/paperclip.git
    branch: rails3
    git: git://github.com/thoughtbot/paperclip.git
    ref: 7c3dd0f0b754aed4aaf4ecc67d7888f5b0bb1233
- Git: 
    uri: git://github.com/plataformatec/devise.git
    git: git://github.com/plataformatec/devise.git
    ref: bff64a6291a3144047c6a642e76d15a53d402702
- Git: 
    uri: git://github.com/rails/rails.git
    branch: master
    git: git://github.com/rails/rails.git
    ref: 8c5e1652c7d1343a4b4acbc10bbcb59e202bf37d
- Rubygems: 
    uri: http://rubygems.org
